
Microsoft Visual Studio Solution File, Format Version 12.00
# Visual Studio 15
VisualStudioVersion = 15.0.28307.645
MinimumVisualStudioVersion = 10.0.40219.1
Project("{FAE04EC0-301F-11D3-BF4B-00C04F79EFBC}") = "Cwiczenia11", "Cwiczenia11\Cwiczenia11.csproj", "{DFA338E3-1338-4661-A1B3-DB3A390663CF}"
EndProject
Global
	GlobalSection(SolutionConfigurationPlatforms) = preSolution
		Debug|Any CPU = Debug|Any CPU
		Release|Any CPU = Release|Any CPU
	EndGlobalSection
	GlobalSection(ProjectConfigurationPlatforms) = postSolution
		{DFA338E3-1338-4661-A1B3-DB3A390663CF}.Debug|Any CPU.ActiveCfg = Debug|Any CPU
		{DFA338E3-1338-4661-A1B3-DB3A390663CF}.Debug|Any CPU.Build.0 = Debug|Any CPU
		{DFA338E3-1338-4661-A1B3-DB3A390663CF}.Release|Any CPU.ActiveCfg = Release|Any CPU
		{DFA338E3-1338-4661-A1B3-DB3A390663CF}.Release|Any CPU.Build.0 = Release|Any CPU
	EndGlobalSection
	GlobalSection(SolutionProperties) = preSolution
		HideSolutionNode = FALSE
	EndGlobalSection
	GlobalSection(ExtensibilityGlobals) = postSolution
		SolutionGuid = {F906F763-3219-4D48-86E5-C4958F8AC22A}
	EndGlobalSection
EndGlobal
